
Microsoft Visual Studio Solution File, Format Version 12.00
# Visual Studio Version 17
VisualStudioVersion = 17.3.32825.248
MinimumVisualStudioVersion = 10.0.40219.1
Project("{FAE04EC0-301F-11D3-BF4B-00C04F79EFBC}") = "CSharp_Fun_Programming", "CSharp_Fun_Programming\CSharp_Fun_Programming.csproj", "{439E6E39-0328-4A5D-B5E5-D47B5E512E00}"
EndProject
Global
	GlobalSection(SolutionConfigurationPlatforms) = preSolution
		Debug|Any CPU = Debug|Any CPU
		Release|Any CPU = Release|Any CPU
	EndGlobalSection
	GlobalSection(ProjectConfigurationPlatforms) = postSolution
		{439E6E39-0328-4A5D-B5E5-D47B5E512E00}.Debug|Any CPU.ActiveCfg = Debug|Any CPU
		{439E6E39-0328-4A5D-B5E5-D47B5E512E00}.Debug|Any CPU.Build.0 = Debug|Any CPU
		{439E6E39-0328-4A5D-B5E5-D47B5E512E00}.Release|Any CPU.ActiveCfg = Release|Any CPU
		{439E6E39-0328-4A5D-B5E5-D47B5E512E00}.Release|Any CPU.Build.0 = Release|Any CPU
	EndGlobalSection
	GlobalSection(SolutionProperties) = preSolution
		HideSolutionNode = FALSE
	EndGlobalSection
	GlobalSection(ExtensibilityGlobals) = postSolution
		SolutionGuid = {2560D4EC-10BC-44FD-A3E2-398F51412186}
	EndGlobalSection
EndGlobal
